
Microsoft Visual Studio Solution File, Format Version 12.00
# Visual Studio Version 16
VisualStudioVersion = 16.0.31613.86
MinimumVisualStudioVersion = 10.0.40219.1
Project("{FAE04EC0-301F-11D3-BF4B-00C04F79EFBC}") = "SPL.UnitTest", "SPL.UnitTest\SPL.UnitTest.csproj", "{F32ECB86-EC80-4865-AA4D-9B70F678D9A3}"
EndProject
Global
	GlobalSection(SolutionConfigurationPlatforms) = preSolution
		Debug|Any CPU = Debug|Any CPU
		Release|Any CPU = Release|Any CPU
	EndGlobalSection
	GlobalSection(ProjectConfigurationPlatforms) = postSolution
		{F32ECB86-EC80-4865-AA4D-9B70F678D9A3}.Debug|Any CPU.ActiveCfg = Debug|Any CPU
		{F32ECB86-EC80-4865-AA4D-9B70F678D9A3}.Debug|Any CPU.Build.0 = Debug|Any CPU
		{F32ECB86-EC80-4865-AA4D-9B70F678D9A3}.Release|Any CPU.ActiveCfg = Release|Any CPU
		{F32ECB86-EC80-4865-AA4D-9B70F678D9A3}.Release|Any CPU.Build.0 = Release|Any CPU
	EndGlobalSection
	GlobalSection(SolutionProperties) = preSolution
		HideSolutionNode = FALSE
	EndGlobalSection
	GlobalSection(ExtensibilityGlobals) = postSolution
		SolutionGuid = {5C7B05D7-2BE7-4334-B9AB-F40F28E543D1}
	EndGlobalSection
EndGlobal
